
Microsoft Visual Studio Solution File, Format Version 12.00
# Visual Studio Version 16
VisualStudioVersion = 16.0.31410.223
MinimumVisualStudioVersion = 10.0.40219.1
Project("{9A19103F-16F7-4668-BE54-9A1E7A4F7556}") = "SportStore", "SportStore\SportStore.csproj", "{9212044E-6842-4493-BCA0-13C22DAA21A7}"
EndProject
Project("{9A19103F-16F7-4668-BE54-9A1E7A4F7556}") = "SomeTests", "SomeTests\SomeTests.csproj", "{7270DC37-E8E8-4539-9774-EF720E102DAC}"
EndProject
Global
	GlobalSection(SolutionConfigurationPlatforms) = preSolution
		Debug|Any CPU = Debug|Any CPU
		Release|Any CPU = Release|Any CPU
	EndGlobalSection
	GlobalSection(ProjectConfigurationPlatforms) = postSolution
		{9212044E-6842-4493-BCA0-13C22DAA21A7}.Debug|Any CPU.ActiveCfg = Debug|Any CPU
		{9212044E-6842-4493-BCA0-13C22DAA21A7}.Debug|Any CPU.Build.0 = Debug|Any CPU
		{9212044E-6842-4493-BCA0-13C22DAA21A7}.Release|Any CPU.ActiveCfg = Release|Any CPU
		{9212044E-6842-4493-BCA0-13C22DAA21A7}.Release|Any CPU.Build.0 = Release|Any CPU
		{7270DC37-E8E8-4539-9774-EF720E102DAC}.Debug|Any CPU.ActiveCfg = Debug|Any CPU
		{7270DC37-E8E8-4539-9774-EF720E102DAC}.Debug|Any CPU.Build.0 = Debug|Any CPU
		{7270DC37-E8E8-4539-9774-EF720E102DAC}.Release|Any CPU.ActiveCfg = Release|Any CPU
		{7270DC37-E8E8-4539-9774-EF720E102DAC}.Release|Any CPU.Build.0 = Release|Any CPU
	EndGlobalSection
	GlobalSection(SolutionProperties) = preSolution
		HideSolutionNode = FALSE
	EndGlobalSection
	GlobalSection(ExtensibilityGlobals) = postSolution
		SolutionGuid = {7A07B645-C4CF-4C0D-8CB8-612F92C98578}
	EndGlobalSection
EndGlobal
